
Microsoft Visual Studio Solution File, Format Version 12.00
# Visual Studio Version 16
VisualStudioVersion = 16.0.31515.178
MinimumVisualStudioVersion = 10.0.40219.1
Project("{9A19103F-16F7-4668-BE54-9A1E7A4F7556}") = "00_Product_Category_CodeFirst", "00_Product_Category_CodeFirst\00_Product_Category_CodeFirst.csproj", "{A720DFF7-7F75-49BD-9FE0-59C2B248C8C1}"
EndProject
Project("{9A19103F-16F7-4668-BE54-9A1E7A4F7556}") = "01_Product_Category_CodeFirst_Copy", "01_Product_Category_CodeFirst_Copy\01_Product_Category_CodeFirst_Copy.csproj", "{B11ECD44-661B-46A9-947C-6AD5435D9240}"
EndProject
Project("{FAE04EC0-301F-11D3-BF4B-00C04F79EFBC}") = "02_RazorToturial", "02_RazorToturial\02_RazorToturial.csproj", "{6840809A-D915-4225-8FE7-6A9F11F6176C}"
EndProject
Global
	GlobalSection(SolutionConfigurationPlatforms) = preSolution
		Debug|Any CPU = Debug|Any CPU
		Release|Any CPU = Release|Any CPU
	EndGlobalSection
	GlobalSection(ProjectConfigurationPlatforms) = postSolution
		{A720DFF7-7F75-49BD-9FE0-59C2B248C8C1}.Debug|Any CPU.ActiveCfg = Debug|Any CPU
		{A720DFF7-7F75-49BD-9FE0-59C2B248C8C1}.Debug|Any CPU.Build.0 = Debug|Any CPU
		{A720DFF7-7F75-49BD-9FE0-59C2B248C8C1}.Release|Any CPU.ActiveCfg = Release|Any CPU
		{A720DFF7-7F75-49BD-9FE0-59C2B248C8C1}.Release|Any CPU.Build.0 = Release|Any CPU
		{B11ECD44-661B-46A9-947C-6AD5435D9240}.Debug|Any CPU.ActiveCfg = Debug|Any CPU
		{B11ECD44-661B-46A9-947C-6AD5435D9240}.Debug|Any CPU.Build.0 = Debug|Any CPU
		{B11ECD44-661B-46A9-947C-6AD5435D9240}.Release|Any CPU.ActiveCfg = Release|Any CPU
		{B11ECD44-661B-46A9-947C-6AD5435D9240}.Release|Any CPU.Build.0 = Release|Any CPU
		{6840809A-D915-4225-8FE7-6A9F11F6176C}.Debug|Any CPU.ActiveCfg = Debug|Any CPU
		{6840809A-D915-4225-8FE7-6A9F11F6176C}.Debug|Any CPU.Build.0 = Debug|Any CPU
		{6840809A-D915-4225-8FE7-6A9F11F6176C}.Release|Any CPU.ActiveCfg = Release|Any CPU
		{6840809A-D915-4225-8FE7-6A9F11F6176C}.Release|Any CPU.Build.0 = Release|Any CPU
	EndGlobalSection
	GlobalSection(SolutionProperties) = preSolution
		HideSolutionNode = FALSE
	EndGlobalSection
	GlobalSection(ExtensibilityGlobals) = postSolution
		SolutionGuid = {82B9CFB9-0FB4-4BD4-84DB-1D91F1EA6B0C}
	EndGlobalSection
EndGlobal
